
Microsoft Visual Studio Solution File, Format Version 12.00
# Visual Studio Version 16
VisualStudioVersion = 16.0.31515.178
MinimumVisualStudioVersion = 10.0.40219.1
Project("{FAE04EC0-301F-11D3-BF4B-00C04F79EFBC}") = "CoolWeb.Sandbox", "CoolWeb.Sandbox\CoolWeb.Sandbox.csproj", "{BC41B7B9-9DD6-4E15-A509-7C37187A8D9E}"
EndProject
Project("{FAE04EC0-301F-11D3-BF4B-00C04F79EFBC}") = "CoolWeb.Http", "CoolWeb.Http\CoolWeb.Http.csproj", "{A26CAF9C-341C-4030-B49E-97A66FD638D5}"
EndProject
Global
	GlobalSection(SolutionConfigurationPlatforms) = preSolution
		Debug|Any CPU = Debug|Any CPU
		Release|Any CPU = Release|Any CPU
	EndGlobalSection
	GlobalSection(ProjectConfigurationPlatforms) = postSolution
		{BC41B7B9-9DD6-4E15-A509-7C37187A8D9E}.Debug|Any CPU.ActiveCfg = Debug|Any CPU
		{BC41B7B9-9DD6-4E15-A509-7C37187A8D9E}.Debug|Any CPU.Build.0 = Debug|Any CPU
		{BC41B7B9-9DD6-4E15-A509-7C37187A8D9E}.Release|Any CPU.ActiveCfg = Release|Any CPU
		{BC41B7B9-9DD6-4E15-A509-7C37187A8D9E}.Release|Any CPU.Build.0 = Release|Any CPU
		{A26CAF9C-341C-4030-B49E-97A66FD638D5}.Debug|Any CPU.ActiveCfg = Debug|Any CPU
		{A26CAF9C-341C-4030-B49E-97A66FD638D5}.Debug|Any CPU.Build.0 = Debug|Any CPU
		{A26CAF9C-341C-4030-B49E-97A66FD638D5}.Release|Any CPU.ActiveCfg = Release|Any CPU
		{A26CAF9C-341C-4030-B49E-97A66FD638D5}.Release|Any CPU.Build.0 = Release|Any CPU
	EndGlobalSection
	GlobalSection(SolutionProperties) = preSolution
		HideSolutionNode = FALSE
	EndGlobalSection
	GlobalSection(ExtensibilityGlobals) = postSolution
		SolutionGuid = {892013FB-D0D4-46AF-B02C-7B1A0AA86FA4}
	EndGlobalSection
EndGlobal
